
Microsoft Visual Studio Solution File, Format Version 12.00
# Visual Studio Version 16
VisualStudioVersion = 16.0.33920.266
MinimumVisualStudioVersion = 10.0.40219.1
Project("{FAE04EC0-301F-11D3-BF4B-00C04F79EFBC}") = "ConsoleApp166", "ConsoleApp166\ConsoleApp166.csproj", "{4602D183-032D-4B72-912B-60D154559A6C}"
EndProject
Global
	GlobalSection(SolutionConfigurationPlatforms) = preSolution
		Debug|Any CPU = Debug|Any CPU
		Release|Any CPU = Release|Any CPU
	EndGlobalSection
	GlobalSection(ProjectConfigurationPlatforms) = postSolution
		{4602D183-032D-4B72-912B-60D154559A6C}.Debug|Any CPU.ActiveCfg = Debug|Any CPU
		{4602D183-032D-4B72-912B-60D154559A6C}.Debug|Any CPU.Build.0 = Debug|Any CPU
		{4602D183-032D-4B72-912B-60D154559A6C}.Release|Any CPU.ActiveCfg = Release|Any CPU
		{4602D183-032D-4B72-912B-60D154559A6C}.Release|Any CPU.Build.0 = Release|Any CPU
	EndGlobalSection
	GlobalSection(SolutionProperties) = preSolution
		HideSolutionNode = FALSE
	EndGlobalSection
	GlobalSection(ExtensibilityGlobals) = postSolution
		SolutionGuid = {EEDB92B5-A708-410F-B6B3-DB1948ADF05F}
	EndGlobalSection
EndGlobal
